// !$*UTF8*$!
{
	archiveVersion = 1;
	classes = {
	};
	objectVersion = 56;
	objects = {

/* Begin PBXBuildFile section */
		E9D0140F2C816DA3009BAB0C /* BasicStructureDesignPatternApp.swift in Sources */ = {isa = PBXBuildFile; fileRef = E9D0140E2C816DA3009BAB0C /* BasicStructureDesignPatternApp.swift */; };
		E9D014112C816DA3009BAB0C /* ContentView.swift in Sources */ = {isa = PBXBuildFile; fileRef = E9D014102C816DA3009BAB0C /* ContentView.swift */; };
		E9D014132C816DA6009BAB0C /* Assets.xcassets in Resources */ = {isa = PBXBuildFile; fileRef = E9D014122C816DA6009BAB0C /* Assets.xcassets */; };
		E9D014162C816DA6009BAB0C /* Preview Assets.xcassets in Resources */ = {isa = PBXBuildFile; fileRef = E9D014152C816DA6009BAB0C /* Preview Assets.xcassets */; };
		E9D014202C816DA6009BAB0C /* BasicStructureDesignPatternTests.swift in Sources */ = {isa = PBXBuildFile; fileRef = E9D0141F2C816DA6009BAB0C /* BasicStructureDesignPatternTests.swift */; };
		E9D0142A2C816DA6009BAB0C /* BasicStructureDesignPatternUITests.swift in Sources */ = {isa = PBXBuildFile; fileRef = E9D014292C816DA6009BAB0C /* BasicStructureDesignPatternUITests.swift */; };
		E9D0142C2C816DA6009BAB0C /* BasicStructureDesignPatternUITestsLaunchTests.swift in Sources */ = {isa = PBXBuildFile; fileRef = E9D0142B2C816DA6009BAB0C /* BasicStructureDesignPatternUITestsLaunchTests.swift */; };
/* End PBXBuildFile section */

/* Begin PBXContainerItemProxy section */
		E9D0141C2C816DA6009BAB0C /* PBXContainerItemProxy */ = {
			isa = PBXContainerItemProxy;
			containerPortal = E9D014032C816DA3009BAB0C /* Project object */;
			proxyType = 1;
			remoteGlobalIDString = E9D0140A2C816DA3009BAB0C;
			remoteInfo = BasicStructureDesignPattern;
		};
		E9D014262C816DA6009BAB0C /* PBXContainerItemProxy */ = {
			isa = PBXContainerItemProxy;
			containerPortal = E9D014032C816DA3009BAB0C /* Project object */;
			proxyType = 1;
			remoteGlobalIDString = E9D0140A2C816DA3009BAB0C;
			remoteInfo = BasicStructureDesignPattern;
		};
/* End PBXContainerItemProxy section */

/* Begin PBXFileReference section */
		E9D0140B2C816DA3009BAB0C /* BasicStructureDesignPattern.app */ = {isa = PBXFileReference; explicitFileType = wrapper.application; includeInIndex = 0; path = BasicStructureDesignPattern.app; sourceTree = BUILT_PRODUCTS_DIR; };
		E9D0140E2C816DA3009BAB0C /* BasicStructureDesignPatternApp.swift */ = {isa = PBXFileReference; lastKnownFileType = sourcecode.swift; path = BasicStructureDesignPatternApp.swift; sourceTree = "<group>"; };
		E9D014102C816DA3009BAB0C /* ContentView.swift */ = {isa = PBXFileReference; lastKnownFileType = sourcecode.swift; path = ContentView.swift; sourceTree = "<group>"; };
		E9D014122C816DA6009BAB0C /* Assets.xcassets */ = {isa = PBXFileReference; lastKnownFileType = folder.assetcatalog; path = Assets.xcassets; sourceTree = "<group>"; };
		E9D014152C816DA6009BAB0C /* Preview Assets.xcassets */ = {isa = PBXFileReference; lastKnownFileType = folder.assetcatalog; path = "Preview Assets.xcassets"; sourceTree = "<group>"; };
		E9D0141B2C816DA6009BAB0C /* BasicStructureDesignPatternTests.xctest */ = {isa = PBXFileReference; explicitFileType = wrapper.cfbundle; includeInIndex = 0; path = BasicStructureDesignPatternTests.xctest; sourceTree = BUILT_PRODUCTS_DIR; };
		E9D0141F2C816DA6009BAB0C /* BasicStructureDesignPatternTests.swift */ = {isa = PBXFileReference; lastKnownFileType = sourcecode.swift; path = BasicStructureDesignPatternTests.swift; sourceTree = "<group>"; };
		E9D014252C816DA6009BAB0C /* BasicStructureDesignPatternUITests.xctest */ = {isa = PBXFileReference; explicitFileType = wrapper.cfbundle; includeInIndex = 0; path = BasicStructureDesignPatternUITests.xctest; sourceTree = BUILT_PRODUCTS_DIR; };
		E9D014292C816DA6009BAB0C /* BasicStructureDesignPatternUITests.swift */ = {isa = PBXFileReference; lastKnownFileType = sourcecode.swift; path = BasicStructureDesignPatternUITests.swift; sourceTree = "<group>"; };
		E9D0142B2C816DA6009BAB0C /* BasicStructureDesignPatternUITestsLaunchTests.swift */ = {isa = PBXFileReference; lastKnownFileType = sourcecode.swift; path = BasicStructureDesignPatternUITestsLaunchTests.swift; sourceTree = "<group>"; };
/* End PBXFileReference section */

/* Begin PBXFrameworksBuildPhase section */
		E9D014082C816DA3009BAB0C /* Frameworks */ = {
			isa = PBXFrameworksBuildPhase;
			buildActionMask = 2147483647;
			files = (
			);
			runOnlyForDeploymentPostprocessing = 0;
		};
		E9D014182C816DA6009BAB0C /* Frameworks */ = {
			isa = PBXFrameworksBuildPhase;
			buildActionMask = 2147483647;
			files = (
			);
			runOnlyForDeploymentPostprocessing = 0;
		};
		E9D014222C816DA6009BAB0C /* Frameworks */ = {
			isa = PBXFrameworksBuildPhase;
			buildActionMask = 2147483647;
			files = (
			);
			runOnlyForDeploymentPostprocessing = 0;
		};
/* End PBXFrameworksBuildPhase section */

/* Begin PBXGroup section */
		E9D014022C816DA3009BAB0C = {
			isa = PBXGroup;
			children = (
				E9D0140D2C816DA3009BAB0C /* BasicStructureDesignPattern */,
				E9D0141E2C816DA6009BAB0C /* BasicStructureDesignPatternTests */,
				E9D014282C816DA6009BAB0C /* BasicStructureDesignPatternUITests */,
				E9D0140C2C816DA3009BAB0C /* Products */,
			);
			sourceTree = "<group>";
		};
		E9D0140C2C816DA3009BAB0C /* Products */ = {
			isa = PBXGroup;
			children = (
				E9D0140B2C816DA3009BAB0C /* BasicStructureDesignPattern.app */,
				E9D0141B2C816DA6009BAB0C /* BasicStructureDesignPatternTests.xctest */,
				E9D014252C816DA6009BAB0C /* BasicStructureDesignPatternUITests.xctest */,
			);
			name = Products;
			sourceTree = "<group>";
		};
		E9D0140D2C816DA3009BAB0C /* BasicStructureDesignPattern */ = {
			isa = PBXGroup;
			children = (
				E9D0140E2C816DA3009BAB0C /* BasicStructureDesignPatternApp.swift */,
				E9D014102C816DA3009BAB0C /* ContentView.swift */,
				E9D014122C816DA6009BAB0C /* Assets.xcassets */,
				E9D014142C816DA6009BAB0C /* Preview Content */,
			);
			path = BasicStructureDesignPattern;
			sourceTree = "<group>";
		};
		E9D014142C816DA6009BAB0C /* Preview Content */ = {
			isa = PBXGroup;
			children = (
				E9D014152C816DA6009BAB0C /* Preview Assets.xcassets */,
			);
			path = "Preview Content";
			sourceTree = "<group>";
		};
		E9D0141E2C816DA6009BAB0C /* BasicStructureDesignPatternTests */ = {
			isa = PBXGroup;
			children = (
				E9D0141F2C816DA6009BAB0C /* BasicStructureDesignPatternTests.swift */,
			);
			path = BasicStructureDesignPatternTests;
			sourceTree = "<group>";
		};
		E9D014282C816DA6009BAB0C /* BasicStructureDesignPatternUITests */ = {
			isa = PBXGroup;
			children = (
				E9D014292C816DA6009BAB0C /* BasicStructureDesignPatternUITests.swift */,
				E9D0142B2C816DA6009BAB0C /* BasicStructureDesignPatternUITestsLaunchTests.swift */,
			);
			path = BasicStructureDesignPatternUITests;
			sourceTree = "<group>";
		};
/* End PBXGroup section */

/* Begin PBXNativeTarget section */
		E9D0140A2C816DA3009BAB0C /* BasicStructureDesignPattern */ = {
			isa = PBXNativeTarget;
			buildConfigurationList = E9D0142F2C816DA6009BAB0C /* Build configuration list for PBXNativeTarget "BasicStructureDesignPattern" */;
			buildPhases = (
				E9D014072C816DA3009BAB0C /* Sources */,
				E9D014082C816DA3009BAB0C /* Frameworks */,
				E9D014092C816DA3009BAB0C /* Resources */,
			);
			buildRules = (
			);
			dependencies = (
			);
			name = BasicStructureDesignPattern;
			productName = BasicStructureDesignPattern;
			productReference = E9D0140B2C816DA3009BAB0C /* BasicStructureDesignPattern.app */;
			productType = "com.apple.product-type.application";
		};
		E9D0141A2C816DA6009BAB0C /* BasicStructureDesignPatternTests */ = {
			isa = PBXNativeTarget;
			buildConfigurationList = E9D014322C816DA6009BAB0C /* Build configuration list for PBXNativeTarget "BasicStructureDesignPatternTests" */;
			buildPhases = (
				E9D014172C816DA6009BAB0C /* Sources */,
				E9D014182C816DA6009BAB0C /* Frameworks */,
				E9D014192C816DA6009BAB0C /* Resources */,
			);
			buildRules = (
			);
			dependencies = (
				E9D0141D2C816DA6009BAB0C /* PBXTargetDependency */,
			);
			name = BasicStructureDesignPatternTests;
			productName = BasicStructureDesignPatternTests;
			productReference = E9D0141B2C816DA6009BAB0C /* BasicStructureDesignPatternTests.xctest */;
			productType = "com.apple.product-type.bundle.unit-test";
		};
		E9D014242C816DA6009BAB0C /* BasicStructureDesignPatternUITests */ = {
			isa = PBXNativeTarget;
			buildConfigurationList = E9D014352C816DA6009BAB0C /* Build configuration list for PBXNativeTarget "BasicStructureDesignPatternUITests" */;
			buildPhases = (
				E9D014212C816DA6009BAB0C /* Sources */,
				E9D014222C816DA6009BAB0C /* Frameworks */,
				E9D014232C816DA6009BAB0C /* Resources */,
			);
			buildRules = (
			);
			dependencies = (
				E9D014272C816DA6009BAB0C /* PBXTargetDependency */,
			);
			name = BasicStructureDesignPatternUITests;
			productName = BasicStructureDesignPatternUITests;
			productReference = E9D014252C816DA6009BAB0C /* BasicStructureDesignPatternUITests.xctest */;
			productType = "com.apple.product-type.bundle.ui-testing";
		};
/* End PBXNativeTarget section */

/* Begin PBXProject section */
		E9D014032C816DA3009BAB0C /* Project object */ = {
			isa = PBXProject;
			attributes = {
				BuildIndependentTargetsInParallel = 1;
				LastSwiftUpdateCheck = 1500;
				LastUpgradeCheck = 1500;
				TargetAttributes = {
					E9D0140A2C816DA3009BAB0C = {
						CreatedOnToolsVersion = 15.0;
					};
					E9D0141A2C816DA6009BAB0C = {
						CreatedOnToolsVersion = 15.0;
						TestTargetID = E9D0140A2C816DA3009BAB0C;
					};
					E9D014242C816DA6009BAB0C = {
						CreatedOnToolsVersion = 15.0;
						TestTargetID = E9D0140A2C816DA3009BAB0C;
					};
				};
			};
			buildConfigurationList = E9D014062C816DA3009BAB0C /* Build configuration list for PBXProject "BasicStructureDesignPattern" */;
			compatibilityVersion = "Xcode 14.0";
			developmentRegion = en;
			hasScannedForEncodings = 0;
			knownRegions = (
				en,
				Base,
			);
			mainGroup = E9D014022C816DA3009BAB0C;
			productRefGroup = E9D0140C2C816DA3009BAB0C /* Products */;
			projectDirPath = "";
			projectRoot = "";
			targets = (
				E9D0140A2C816DA3009BAB0C /* BasicStructureDesignPattern */,
				E9D0141A2C816DA6009BAB0C /* BasicStructureDesignPatternTests */,
				E9D014242C816DA6009BAB0C /* BasicStructureDesignPatternUITests */,
			);
		};
/* End PBXProject section */

/* Begin PBXResourcesBuildPhase section */
		E9D014092C816DA3009BAB0C /* Resources */ = {
			isa = PBXResourcesBuildPhase;
			buildActionMask = 2147483647;
			files = (
				E9D014162C816DA6009BAB0C /* Preview Assets.xcassets in Resources */,
				E9D014132C816DA6009BAB0C /* Assets.xcassets in Resources */,
			);
			runOnlyForDeploymentPostprocessing = 0;
		};
		E9D014192C816DA6009BAB0C /* Resources */ = {
			isa = PBXResourcesBuildPhase;
			buildActionMask = 2147483647;
			files = (
			);
			runOnlyForDeploymentPostprocessing = 0;
		};
		E9D014232C816DA6009BAB0C /* Resources */ = {
			isa = PBXResourcesBuildPhase;
			buildActionMask = 2147483647;
			files = (
			);
			runOnlyForDeploymentPostprocessing = 0;
		};
/* End PBXResourcesBuildPhase section */

/* Begin PBXSourcesBuildPhase section */
		E9D014072C816DA3009BAB0C /* Sources */ = {
			isa = PBXSourcesBuildPhase;
			buildActionMask = 2147483647;
			files = (
				E9D014112C816DA3009BAB0C /* ContentView.swift in Sources */,
				E9D0140F2C816DA3009BAB0C /* BasicStructureDesignPatternApp.swift in Sources */,
			);
			runOnlyForDeploymentPostprocessing = 0;
		};
		E9D014172C816DA6009BAB0C /* Sources */ = {
			isa = PBXSourcesBuildPhase;
			buildActionMask = 2147483647;
			files = (
				E9D014202C816DA6009BAB0C /* BasicStructureDesignPatternTests.swift in Sources */,
			);
			runOnlyForDeploymentPostprocessing = 0;
		};
		E9D014212C816DA6009BAB0C /* Sources */ = {
			isa = PBXSourcesBuildPhase;
			buildActionMask = 2147483647;
			files = (
				E9D0142C2C816DA6009BAB0C /* BasicStructureDesignPatternUITestsLaunchTests.swift in Sources */,
				E9D0142A2C816DA6009BAB0C /* BasicStructureDesignPatternUITests.swift in Sources */,
			);
			runOnlyForDeploymentPostprocessing = 0;
		};
/* End PBXSourcesBuildPhase section */

/* Begin PBXTargetDependency section */
		E9D0141D2C816DA6009BAB0C /* PBXTargetDependency */ = {
			isa = PBXTargetDependency;
			target = E9D0140A2C816DA3009BAB0C /* BasicStructureDesignPattern */;
			targetProxy = E9D0141C2C816DA6009BAB0C /* PBXContainerItemProxy */;
		};
		E9D014272C816DA6009BAB0C /* PBXTargetDependency */ = {
			isa = PBXTargetDependency;
			target = E9D0140A2C816DA3009BAB0C /* BasicStructureDesignPattern */;
			targetProxy = E9D014262C816DA6009BAB0C /* PBXContainerItemProxy */;
		};
/* End PBXTargetDependency section */

/* Begin XCBuildConfiguration section */
		E9D0142D2C816DA6009BAB0C /* Debug */ = {
			isa = XCBuildConfiguration;
			buildSettings = {
				ALWAYS_SEARCH_USER_PATHS = NO;
				ASSETCATALOG_COMPILER_GENERATE_SWIFT_ASSET_SYMBOL_EXTENSIONS = YES;
				CLANG_ANALYZER_NONNULL = YES;
				CLANG_ANALYZER_NUMBER_OBJECT_CONVERSION = YES_AGGRESSIVE;
				CLANG_CXX_LANGUAGE_STANDARD = "gnu++20";
				CLANG_ENABLE_MODULES = YES;
				CLANG_ENABLE_OBJC_ARC = YES;
				CLANG_ENABLE_OBJC_WEAK = YES;
				CLANG_WARN_BLOCK_CAPTURE_AUTORELEASING = YES;
				CLANG_WARN_BOOL_CONVERSION = YES;
				CLANG_WARN_COMMA = YES;
				CLANG_WARN_CONSTANT_CONVERSION = YES;
				CLANG_WARN_DEPRECATED_OBJC_IMPLEMENTATIONS = YES;
				CLANG_WARN_DIRECT_OBJC_ISA_USAGE = YES_ERROR;
				CLANG_WARN_DOCUMENTATION_COMMENTS = YES;
				CLANG_WARN_EMPTY_BODY = YES;
				CLANG_WARN_ENUM_CONVERSION = YES;
				CLANG_WARN_INFINITE_RECURSION = YES;
				CLANG_WARN_INT_CONVERSION = YES;
				CLANG_WARN_NON_LITERAL_NULL_CONVERSION = YES;
				CLANG_WARN_OBJC_IMPLICIT_RETAIN_SELF = YES;
				CLANG_WARN_OBJC_LITERAL_CONVERSION = YES;
				CLANG_WARN_OBJC_ROOT_CLASS = YES_ERROR;
				CLANG_WARN_QUOTED_INCLUDE_IN_FRAMEWORK_HEADER = YES;
				CLANG_WARN_RANGE_LOOP_ANALYSIS = YES;
				CLANG_WARN_STRICT_PROTOTYPES = YES;
				CLANG_WARN_SUSPICIOUS_MOVE = YES;
				CLANG_WARN_UNGUARDED_AVAILABILITY = YES_AGGRESSIVE;
				CLANG_WARN_UNREACHABLE_CODE = YES;
				CLANG_WARN__DUPLICATE_METHOD_MATCH = YES;
				COPY_PHASE_STRIP = NO;
				DEBUG_INFORMATION_FORMAT = dwarf;
				ENABLE_STRICT_OBJC_MSGSEND = YES;
				ENABLE_TESTABILITY = YES;
				ENABLE_USER_SCRIPT_SANDBOXING = YES;
				GCC_C_LANGUAGE_STANDARD = gnu17;
				GCC_DYNAMIC_NO_PIC = NO;
				GCC_NO_COMMON_BLOCKS = YES;
				GCC_OPTIMIZATION_LEVEL = 0;
				GCC_PREPROCESSOR_DEFINITIONS = (
					"DEBUG=1",
					"$(inherited)",
				);
				GCC_WARN_64_TO_32_BIT_CONVERSION = YES;
				GCC_WARN_ABOUT_RETURN_TYPE = YES_ERROR;
				GCC_WARN_UNDECLARED_SELECTOR = YES;
				GCC_WARN_UNINITIALIZED_AUTOS = YES_AGGRESSIVE;
				GCC_WARN_UNUSED_FUNCTION = YES;
				GCC_WARN_UNUSED_VARIABLE = YES;
				IPHONEOS_DEPLOYMENT_TARGET = 17.0;
				LOCALIZATION_PREFERS_STRING_CATALOGS = YES;
				MTL_ENABLE_DEBUG_INFO = INCLUDE_SOURCE;
				MTL_FAST_MATH = YES;
				ONLY_ACTIVE_ARCH = YES;
				SDKROOT = iphoneos;
				SWIFT_ACTIVE_COMPILATION_CONDITIONS = "DEBUG $(inherited)";
				SWIFT_OPTIMIZATION_LEVEL = "-Onone";
			};
			name = Debug;
		};
		E9D0142E2C816DA6009BAB0C /* Release */ = {
			isa = XCBuildConfiguration;
			buildSettings = {
				ALWAYS_SEARCH_USER_PATHS = NO;
				ASSETCATALOG_COMPILER_GENERATE_SWIFT_ASSET_SYMBOL_EXTENSIONS = YES;
				CLANG_ANALYZER_NONNULL = YES;
				CLANG_ANALYZER_NUMBER_OBJECT_CONVERSION = YES_AGGRESSIVE;
				CLANG_CXX_LANGUAGE_STANDARD = "gnu++20";
				CLANG_ENABLE_MODULES = YES;
				CLANG_ENABLE_OBJC_ARC = YES;
				CLANG_ENABLE_OBJC_WEAK = YES;
				CLANG_WARN_BLOCK_CAPTURE_AUTORELEASING = YES;
				CLANG_WARN_BOOL_CONVERSION = YES;
				CLANG_WARN_COMMA = YES;
				CLANG_WARN_CONSTANT_CONVERSION = YES;
				CLANG_WARN_DEPRECATED_OBJC_IMPLEMENTATIONS = YES;
				CLANG_WARN_DIRECT_OBJC_ISA_USAGE = YES_ERROR;
				CLANG_WARN_DOCUMENTATION_COMMENTS = YES;
				CLANG_WARN_EMPTY_BODY = YES;
				CLANG_WARN_ENUM_CONVERSION = YES;
				CLANG_WARN_INFINITE_RECURSION = YES;
				CLANG_WARN_INT_CONVERSION = YES;
				CLANG_WARN_NON_LITERAL_NULL_CONVERSION = YES;
				CLANG_WARN_OBJC_IMPLICIT_RETAIN_SELF = YES;
				CLANG_WARN_OBJC_LITERAL_CONVERSION = YES;
				CLANG_WARN_OBJC_ROOT_CLASS = YES_ERROR;
				CLANG_WARN_QUOTED_INCLUDE_IN_FRAMEWORK_HEADER = YES;
				CLANG_WARN_RANGE_LOOP_ANALYSIS = YES;
				CLANG_WARN_STRICT_PROTOTYPES = YES;
				CLANG_WARN_SUSPICIOUS_MOVE = YES;
				CLANG_WARN_UNGUARDED_AVAILABILITY = YES_AGGRESSIVE;
				CLANG_WARN_UNREACHABLE_CODE = YES;
				CLANG_WARN__DUPLICATE_METHOD_MATCH = YES;
				COPY_PHASE_STRIP = NO;
				DEBUG_INFORMATION_FORMAT = "dwarf-with-dsym";
				ENABLE_NS_ASSERTIONS = NO;
				ENABLE_STRICT_OBJC_MSGSEND = YES;
				ENABLE_USER_SCRIPT_SANDBOXING = YES;
				GCC_C_LANGUAGE_STANDARD = gnu17;
				GCC_NO_COMMON_BLOCKS = YES;
				GCC_WARN_64_TO_32_BIT_CONVERSION = YES;
				GCC_WARN_ABOUT_RETURN_TYPE = YES_ERROR;
				GCC_WARN_UNDECLARED_SELECTOR = YES;
				GCC_WARN_UNINITIALIZED_AUTOS = YES_AGGRESSIVE;
				GCC_WARN_UNUSED_FUNCTION = YES;
				GCC_WARN_UNUSED_VARIABLE = YES;
				IPHONEOS_DEPLOYMENT_TARGET = 17.0;
				LOCALIZATION_PREFERS_STRING_CATALOGS = YES;
				MTL_ENABLE_DEBUG_INFO = NO;
				MTL_FAST_MATH = YES;
				SDKROOT = iphoneos;
				SWIFT_COMPILATION_MODE = wholemodule;
				VALIDATE_PRODUCT = YES;
			};
			name = Release;
		};
		E9D014302C816DA6009BAB0C /* Debug */ = {
			isa = XCBuildConfiguration;
			buildSettings = {
				ASSETCATALOG_COMPILER_APPICON_NAME = AppIcon;
				ASSETCATALOG_COMPILER_GLOBAL_ACCENT_COLOR_NAME = AccentColor;
				CODE_SIGN_STYLE = Automatic;
				CURRENT_PROJECT_VERSION = 1;
				DEVELOPMENT_ASSET_PATHS = "\"BasicStructureDesignPattern/Preview Content\"";
				DEVELOPMENT_TEAM = 5QKQYBS38P;
				ENABLE_PREVIEWS = YES;
				GENERATE_INFOPLIST_FILE = YES;
				INFOPLIST_KEY_UIApplicationSceneManifest_Generation = YES;
				INFOPLIST_KEY_UIApplicationSupportsIndirectInputEvents = YES;
				INFOPLIST_KEY_UILaunchScreen_Generation = YES;
				INFOPLIST_KEY_UISupportedInterfaceOrientations_iPad = "UIInterfaceOrientationPortrait UIInterfaceOrientationPortraitUpsideDown UIInterfaceOrientationLandscapeLeft UIInterfaceOrientationLandscapeRight";
				INFOPLIST_KEY_UISupportedInterfaceOrientations_iPhone = "UIInterfaceOrientationPortrait UIInterfaceOrientationLandscapeLeft UIInterfaceOrientationLandscapeRight";
				LD_RUNPATH_SEARCH_PATHS = (
					"$(inherited)",
					"@executable_path/Frameworks",
				);
				MARKETING_VERSION = 1.0;
				PRODUCT_BUNDLE_IDENTIFIER = com.ccp.comm.demo.BasicStructureDesignPattern;
				PRODUCT_NAME = "$(TARGET_NAME)";
				SWIFT_EMIT_LOC_STRINGS = YES;
				SWIFT_VERSION = 5.0;
				TARGETED_DEVICE_FAMILY = "1,2";
			};
			name = Debug;
		};
		E9D014312C816DA6009BAB0C /* Release */ = {
			isa = XCBuildConfiguration;
			buildSettings = {
				ASSETCATALOG_COMPILER_APPICON_NAME = AppIcon;
				ASSETCATALOG_COMPILER_GLOBAL_ACCENT_COLOR_NAME = AccentColor;
				CODE_SIGN_STYLE = Automatic;
				CURRENT_PROJECT_VERSION = 1;
				DEVELOPMENT_ASSET_PATHS = "\"BasicStructureDesignPattern/Preview Content\"";
				DEVELOPMENT_TEAM = 5QKQYBS38P;
				ENABLE_PREVIEWS = YES;
				GENERATE_INFOPLIST_FILE = YES;
				INFOPLIST_KEY_UIApplicationSceneManifest_Generation = YES;
				INFOPLIST_KEY_UIApplicationSupportsIndirectInputEvents = YES;
				INFOPLIST_KEY_UILaunchScreen_Generation = YES;
				INFOPLIST_KEY_UISupportedInterfaceOrientations_iPad = "UIInterfaceOrientationPortrait UIInterfaceOrientationPortraitUpsideDown UIInterfaceOrientationLandscapeLeft UIInterfaceOrientationLandscapeRight";
				INFOPLIST_KEY_UISupportedInterfaceOrientations_iPhone = "UIInterfaceOrientationPortrait UIInterfaceOrientationLandscapeLeft UIInterfaceOrientationLandscapeRight";
				LD_RUNPATH_SEARCH_PATHS = (
					"$(inherited)",
					"@executable_path/Frameworks",
				);
				MARKETING_VERSION = 1.0;
				PRODUCT_BUNDLE_IDENTIFIER = com.ccp.comm.demo.BasicStructureDesignPattern;
				PRODUCT_NAME = "$(TARGET_NAME)";
				SWIFT_EMIT_LOC_STRINGS = YES;
				SWIFT_VERSION = 5.0;
				TARGETED_DEVICE_FAMILY = "1,2";
			};
			name = Release;
		};
		E9D014332C816DA6009BAB0C /* Debug */ = {
			isa = XCBuildConfiguration;
			buildSettings = {
				ALWAYS_EMBED_SWIFT_STANDARD_LIBRARIES = YES;
				BUNDLE_LOADER = "$(TEST_HOST)";
				CODE_SIGN_STYLE = Automatic;
				CURRENT_PROJECT_VERSION = 1;
				DEVELOPMENT_TEAM = 5QKQYBS38P;
				GENERATE_INFOPLIST_FILE = YES;
				IPHONEOS_DEPLOYMENT_TARGET = 17.0;
				MARKETING_VERSION = 1.0;
				PRODUCT_BUNDLE_IDENTIFIER = com.ccp.comm.demo.BasicStructureDesignPatternTests;
				PRODUCT_NAME = "$(TARGET_NAME)";
				SWIFT_EMIT_LOC_STRINGS = NO;
				SWIFT_VERSION = 5.0;
				TARGETED_DEVICE_FAMILY = "1,2";
				TEST_HOST = "$(BUILT_PRODUCTS_DIR)/BasicStructureDesignPattern.app/$(BUNDLE_EXECUTABLE_FOLDER_PATH)/BasicStructureDesignPattern";
			};
			name = Debug;
		};
		E9D014342C816DA6009BAB0C /* Release */ = {
			isa = XCBuildConfiguration;
			buildSettings = {
				ALWAYS_EMBED_SWIFT_STANDARD_LIBRARIES = YES;
				BUNDLE_LOADER = "$(TEST_HOST)";
				CODE_SIGN_STYLE = Automatic;
				CURRENT_PROJECT_VERSION = 1;
				DEVELOPMENT_TEAM = 5QKQYBS38P;
				GENERATE_INFOPLIST_FILE = YES;
				IPHONEOS_DEPLOYMENT_TARGET = 17.0;
				MARKETING_VERSION = 1.0;
				PRODUCT_BUNDLE_IDENTIFIER = com.ccp.comm.demo.BasicStructureDesignPatternTests;
				PRODUCT_NAME = "$(TARGET_NAME)";
				SWIFT_EMIT_LOC_STRINGS = NO;
				SWIFT_VERSION = 5.0;
				TARGETED_DEVICE_FAMILY = "1,2";
				TEST_HOST = "$(BUILT_PRODUCTS_DIR)/BasicStructureDesignPattern.app/$(BUNDLE_EXECUTABLE_FOLDER_PATH)/BasicStructureDesignPattern";
			};
			name = Release;
		};
		E9D014362C816DA6009BAB0C /* Debug */ = {
			isa = XCBuildConfiguration;
			buildSettings = {
				ALWAYS_EMBED_SWIFT_STANDARD_LIBRARIES = YES;
				CODE_SIGN_STYLE = Automatic;
				CURRENT_PROJECT_VERSION = 1;
				DEVELOPMENT_TEAM = 5QKQYBS38P;
				GENERATE_INFOPLIST_FILE = YES;
				MARKETING_VERSION = 1.0;
				PRODUCT_BUNDLE_IDENTIFIER = com.ccp.comm.demo.BasicStructureDesignPatternUITests;
				PRODUCT_NAME = "$(TARGET_NAME)";
				SWIFT_EMIT_LOC_STRINGS = NO;
				SWIFT_VERSION = 5.0;
				TARGETED_DEVICE_FAMILY = "1,2";
				TEST_TARGET_NAME = BasicStructureDesignPattern;
			};
			name = Debug;
		};
		E9D014372C816DA6009BAB0C /* Release */ = {
			isa = XCBuildConfiguration;
			buildSettings = {
				ALWAYS_EMBED_SWIFT_STANDARD_LIBRARIES = YES;
				CODE_SIGN_STYLE = Automatic;
				CURRENT_PROJECT_VERSION = 1;
				DEVELOPMENT_TEAM = 5QKQYBS38P;
				GENERATE_INFOPLIST_FILE = YES;
				MARKETING_VERSION = 1.0;
				PRODUCT_BUNDLE_IDENTIFIER = com.ccp.comm.demo.BasicStructureDesignPatternUITests;
				PRODUCT_NAME = "$(TARGET_NAME)";
				SWIFT_EMIT_LOC_STRINGS = NO;
				SWIFT_VERSION = 5.0;
				TARGETED_DEVICE_FAMILY = "1,2";
				TEST_TARGET_NAME = BasicStructureDesignPattern;
			};
			name = Release;
		};
/* End XCBuildConfiguration section */

/* Begin XCConfigurationList section */
		E9D014062C816DA3009BAB0C /* Build configuration list for PBXProject "BasicStructureDesignPattern" */ = {
			isa = XCConfigurationList;
			buildConfigurations = (
				E9D0142D2C816DA6009BAB0C /* Debug */,
				E9D0142E2C816DA6009BAB0C /* Release */,
			);
			defaultConfigurationIsVisible = 0;
			defaultConfigurationName = Release;
		};
		E9D0142F2C816DA6009BAB0C /* Build configuration list for PBXNativeTarget "BasicStructureDesignPattern" */ = {
			isa = XCConfigurationList;
			buildConfigurations = (
				E9D014302C816DA6009BAB0C /* Debug */,
				E9D014312C816DA6009BAB0C /* Release */,
			);
			defaultConfigurationIsVisible = 0;
			defaultConfigurationName = Release;
		};
		E9D014322C816DA6009BAB0C /* Build configuration list for PBXNativeTarget "BasicStructureDesignPatternTests" */ = {
			isa = XCConfigurationList;
			buildConfigurations = (
				E9D014332C816DA6009BAB0C /* Debug */,
				E9D014342C816DA6009BAB0C /* Release */,
			);
			defaultConfigurationIsVisible = 0;
			defaultConfigurationName = Release;
		};
		E9D014352C816DA6009BAB0C /* Build configuration list for PBXNativeTarget "BasicStructureDesignPatternUITests" */ = {
			isa = XCConfigurationList;
			buildConfigurations = (
				E9D014362C816DA6009BAB0C /* Debug */,
				E9D014372C816DA6009BAB0C /* Release */,
			);
			defaultConfigurationIsVisible = 0;
			defaultConfigurationName = Release;
		};
/* End XCConfigurationList section */
	};
	rootObject = E9D014032C816DA3009BAB0C /* Project object */;
}
